
Microsoft Visual Studio Solution File, Format Version 12.00
# Visual Studio 15
Project("{FAE04EC0-301F-11D3-BF4B-00C04F79EFBC}") = "Dijkstras", "Dijkstras\Dijkstras.csproj", "{272F1DE0-A7FB-4A75-A622-3503878013E6}"
EndProject
Project("{FAE04EC0-301F-11D3-BF4B-00C04F79EFBC}") = "Classes", "Classes\Classes.csproj", "{4317FA54-4E4F-467D-9360-F3C8251FA980}"
EndProject
Global
	GlobalSection(SolutionConfigurationPlatforms) = preSolution
		Debug|Any CPU = Debug|Any CPU
		Release|Any CPU = Release|Any CPU
	EndGlobalSection
	GlobalSection(ProjectConfigurationPlatforms) = postSolution
		{272F1DE0-A7FB-4A75-A622-3503878013E6}.Debug|Any CPU.ActiveCfg = Debug|Any CPU
		{272F1DE0-A7FB-4A75-A622-3503878013E6}.Debug|Any CPU.Build.0 = Debug|Any CPU
		{272F1DE0-A7FB-4A75-A622-3503878013E6}.Release|Any CPU.ActiveCfg = Release|Any CPU
		{272F1DE0-A7FB-4A75-A622-3503878013E6}.Release|Any CPU.Build.0 = Release|Any CPU
		{4317FA54-4E4F-467D-9360-F3C8251FA980}.Debug|Any CPU.ActiveCfg = Debug|Any CPU
		{4317FA54-4E4F-467D-9360-F3C8251FA980}.Debug|Any CPU.Build.0 = Debug|Any CPU
		{4317FA54-4E4F-467D-9360-F3C8251FA980}.Release|Any CPU.ActiveCfg = Release|Any CPU
		{4317FA54-4E4F-467D-9360-F3C8251FA980}.Release|Any CPU.Build.0 = Release|Any CPU
	EndGlobalSection
EndGlobal
